
Microsoft Visual Studio Solution File, Format Version 11.00
# Visual Studio 2010
Project("{FAE04EC0-301F-11D3-BF4B-00C04F79EFBC}") = "3e018831059ee1742bea9a8e2ac44f91", "Assembly-CSharp.csproj", "{D94BFBDD-F732-B915-D0C7-D6319F247B47}"
EndProject
Project("{FAE04EC0-301F-11D3-BF4B-00C04F79EFBC}") = "3e018831059ee1742bea9a8e2ac44f91", "Assembly-CSharp-Editor.csproj", "{6A8B534D-CF46-B0DB-1229-B4FB4C10B532}"
EndProject
Global
	GlobalSection(SolutionConfigurationPlatforms) = preSolution
		Debug|Any CPU = Debug|Any CPU
		Release|Any CPU = Release|Any CPU
	EndGlobalSection
	GlobalSection(ProjectConfigurationPlatforms) = postSolution
		{D94BFBDD-F732-B915-D0C7-D6319F247B47}.Debug|Any CPU.ActiveCfg = Debug|Any CPU
		{D94BFBDD-F732-B915-D0C7-D6319F247B47}.Debug|Any CPU.Build.0 = Debug|Any CPU
		{D94BFBDD-F732-B915-D0C7-D6319F247B47}.Release|Any CPU.ActiveCfg = Release|Any CPU
		{D94BFBDD-F732-B915-D0C7-D6319F247B47}.Release|Any CPU.Build.0 = Release|Any CPU
		{6A8B534D-CF46-B0DB-1229-B4FB4C10B532}.Debug|Any CPU.ActiveCfg = Debug|Any CPU
		{6A8B534D-CF46-B0DB-1229-B4FB4C10B532}.Debug|Any CPU.Build.0 = Debug|Any CPU
		{6A8B534D-CF46-B0DB-1229-B4FB4C10B532}.Release|Any CPU.ActiveCfg = Release|Any CPU
		{6A8B534D-CF46-B0DB-1229-B4FB4C10B532}.Release|Any CPU.Build.0 = Release|Any CPU
	EndGlobalSection
	GlobalSection(SolutionProperties) = preSolution
		HideSolutionNode = FALSE
	EndGlobalSection
	GlobalSection(MonoDevelopProperties) = preSolution
		StartupItem = Assembly-CSharp.csproj
	EndGlobalSection
EndGlobal
